
Microsoft Visual Studio Solution File, Format Version 12.00
# Visual Studio Version 16
VisualStudioVersion = 16.0.30114.105
MinimumVisualStudioVersion = 10.0.40219.1
Project("{FAE04EC0-301F-11D3-BF4B-00C04F79EFBC}") = "FinalMap.Android", "FinalMap\FinalMap.Android\FinalMap.Android.csproj", "{3BED78AD-A0E4-41DC-AB5E-7982D4406C92}"
EndProject
Project("{FAE04EC0-301F-11D3-BF4B-00C04F79EFBC}") = "FinalMap.iOS", "FinalMap\FinalMap.iOS\FinalMap.iOS.csproj", "{CE7EAB94-FB0C-45DF-BB1B-9D0B2732B743}"
EndProject
Project("{FAE04EC0-301F-11D3-BF4B-00C04F79EFBC}") = "FinalMap", "FinalMap\FinalMap\FinalMap.csproj", "{D0D901DB-9FA4-4D08-9EF7-E8686B5FDE44}"
EndProject
Global
	GlobalSection(SolutionConfigurationPlatforms) = preSolution
		Debug|Any CPU = Debug|Any CPU
		Debug|iPhone = Debug|iPhone
		Debug|iPhoneSimulator = Debug|iPhoneSimulator
		Release|Any CPU = Release|Any CPU
		Release|iPhone = Release|iPhone
		Release|iPhoneSimulator = Release|iPhoneSimulator
	EndGlobalSection
	GlobalSection(ProjectConfigurationPlatforms) = postSolution
		{3BED78AD-A0E4-41DC-AB5E-7982D4406C92}.Debug|Any CPU.ActiveCfg = Debug|Any CPU
		{3BED78AD-A0E4-41DC-AB5E-7982D4406C92}.Debug|Any CPU.Build.0 = Debug|Any CPU
		{3BED78AD-A0E4-41DC-AB5E-7982D4406C92}.Debug|Any CPU.Deploy.0 = Debug|Any CPU
		{3BED78AD-A0E4-41DC-AB5E-7982D4406C92}.Debug|iPhone.ActiveCfg = Debug|Any CPU
		{3BED78AD-A0E4-41DC-AB5E-7982D4406C92}.Debug|iPhone.Build.0 = Debug|Any CPU
		{3BED78AD-A0E4-41DC-AB5E-7982D4406C92}.Debug|iPhone.Deploy.0 = Debug|Any CPU
		{3BED78AD-A0E4-41DC-AB5E-7982D4406C92}.Debug|iPhoneSimulator.ActiveCfg = Debug|Any CPU
		{3BED78AD-A0E4-41DC-AB5E-7982D4406C92}.Debug|iPhoneSimulator.Build.0 = Debug|Any CPU
		{3BED78AD-A0E4-41DC-AB5E-7982D4406C92}.Debug|iPhoneSimulator.Deploy.0 = Debug|Any CPU
		{3BED78AD-A0E4-41DC-AB5E-7982D4406C92}.Release|Any CPU.ActiveCfg = Release|Any CPU
		{3BED78AD-A0E4-41DC-AB5E-7982D4406C92}.Release|Any CPU.Build.0 = Release|Any CPU
		{3BED78AD-A0E4-41DC-AB5E-7982D4406C92}.Release|Any CPU.Deploy.0 = Release|Any CPU
		{3BED78AD-A0E4-41DC-AB5E-7982D4406C92}.Release|iPhone.ActiveCfg = Release|Any CPU
		{3BED78AD-A0E4-41DC-AB5E-7982D4406C92}.Release|iPhone.Build.0 = Release|Any CPU
		{3BED78AD-A0E4-41DC-AB5E-7982D4406C92}.Release|iPhone.Deploy.0 = Release|Any CPU
		{3BED78AD-A0E4-41DC-AB5E-7982D4406C92}.Release|iPhoneSimulator.ActiveCfg = Release|Any CPU
		{3BED78AD-A0E4-41DC-AB5E-7982D4406C92}.Release|iPhoneSimulator.Build.0 = Release|Any CPU
		{3BED78AD-A0E4-41DC-AB5E-7982D4406C92}.Release|iPhoneSimulator.Deploy.0 = Release|Any CPU
		{CE7EAB94-FB0C-45DF-BB1B-9D0B2732B743}.Debug|Any CPU.ActiveCfg = Debug|iPhone
		{CE7EAB94-FB0C-45DF-BB1B-9D0B2732B743}.Debug|Any CPU.Build.0 = Debug|iPhone
		{CE7EAB94-FB0C-45DF-BB1B-9D0B2732B743}.Debug|Any CPU.Deploy.0 = Debug|iPhone
		{CE7EAB94-FB0C-45DF-BB1B-9D0B2732B743}.Debug|iPhone.ActiveCfg = Debug|iPhone
		{CE7EAB94-FB0C-45DF-BB1B-9D0B2732B743}.Debug|iPhone.Build.0 = Debug|iPhone
		{CE7EAB94-FB0C-45DF-BB1B-9D0B2732B743}.Debug|iPhone.Deploy.0 = Debug|iPhone
		{CE7EAB94-FB0C-45DF-BB1B-9D0B2732B743}.Debug|iPhoneSimulator.ActiveCfg = Debug|iPhoneSimulator
		{CE7EAB94-FB0C-45DF-BB1B-9D0B2732B743}.Debug|iPhoneSimulator.Build.0 = Debug|iPhoneSimulator
		{CE7EAB94-FB0C-45DF-BB1B-9D0B2732B743}.Debug|iPhoneSimulator.Deploy.0 = Debug|iPhoneSimulator
		{CE7EAB94-FB0C-45DF-BB1B-9D0B2732B743}.Release|Any CPU.ActiveCfg = Release|iPhone
		{CE7EAB94-FB0C-45DF-BB1B-9D0B2732B743}.Release|Any CPU.Build.0 = Release|iPhone
		{CE7EAB94-FB0C-45DF-BB1B-9D0B2732B743}.Release|Any CPU.Deploy.0 = Release|iPhone
		{CE7EAB94-FB0C-45DF-BB1B-9D0B2732B743}.Release|iPhone.ActiveCfg = Release|iPhone
		{CE7EAB94-FB0C-45DF-BB1B-9D0B2732B743}.Release|iPhone.Build.0 = Release|iPhone
		{CE7EAB94-FB0C-45DF-BB1B-9D0B2732B743}.Release|iPhone.Deploy.0 = Release|iPhone
		{CE7EAB94-FB0C-45DF-BB1B-9D0B2732B743}.Release|iPhoneSimulator.ActiveCfg = Release|iPhoneSimulator
		{CE7EAB94-FB0C-45DF-BB1B-9D0B2732B743}.Release|iPhoneSimulator.Build.0 = Release|iPhoneSimulator
		{CE7EAB94-FB0C-45DF-BB1B-9D0B2732B743}.Release|iPhoneSimulator.Deploy.0 = Release|iPhoneSimulator
		{D0D901DB-9FA4-4D08-9EF7-E8686B5FDE44}.Debug|Any CPU.ActiveCfg = Debug|Any CPU
		{D0D901DB-9FA4-4D08-9EF7-E8686B5FDE44}.Debug|Any CPU.Build.0 = Debug|Any CPU
		{D0D901DB-9FA4-4D08-9EF7-E8686B5FDE44}.Debug|Any CPU.Deploy.0 = Debug|Any CPU
		{D0D901DB-9FA4-4D08-9EF7-E8686B5FDE44}.Debug|iPhone.ActiveCfg = Debug|Any CPU
		{D0D901DB-9FA4-4D08-9EF7-E8686B5FDE44}.Debug|iPhone.Build.0 = Debug|Any CPU
		{D0D901DB-9FA4-4D08-9EF7-E8686B5FDE44}.Debug|iPhone.Deploy.0 = Debug|Any CPU
		{D0D901DB-9FA4-4D08-9EF7-E8686B5FDE44}.Debug|iPhoneSimulator.ActiveCfg = Debug|Any CPU
		{D0D901DB-9FA4-4D08-9EF7-E8686B5FDE44}.Debug|iPhoneSimulator.Build.0 = Debug|Any CPU
		{D0D901DB-9FA4-4D08-9EF7-E8686B5FDE44}.Debug|iPhoneSimulator.Deploy.0 = Debug|Any CPU
		{D0D901DB-9FA4-4D08-9EF7-E8686B5FDE44}.Release|Any CPU.ActiveCfg = Release|Any CPU
		{D0D901DB-9FA4-4D08-9EF7-E8686B5FDE44}.Release|Any CPU.Build.0 = Release|Any CPU
		{D0D901DB-9FA4-4D08-9EF7-E8686B5FDE44}.Release|Any CPU.Deploy.0 = Release|Any CPU
		{D0D901DB-9FA4-4D08-9EF7-E8686B5FDE44}.Release|iPhone.ActiveCfg = Release|Any CPU
		{D0D901DB-9FA4-4D08-9EF7-E8686B5FDE44}.Release|iPhone.Build.0 = Release|Any CPU
		{D0D901DB-9FA4-4D08-9EF7-E8686B5FDE44}.Release|iPhone.Deploy.0 = Release|Any CPU
		{D0D901DB-9FA4-4D08-9EF7-E8686B5FDE44}.Release|iPhoneSimulator.ActiveCfg = Release|Any CPU
		{D0D901DB-9FA4-4D08-9EF7-E8686B5FDE44}.Release|iPhoneSimulator.Build.0 = Release|Any CPU
		{D0D901DB-9FA4-4D08-9EF7-E8686B5FDE44}.Release|iPhoneSimulator.Deploy.0 = Release|Any CPU
	EndGlobalSection
	GlobalSection(SolutionProperties) = preSolution
		HideSolutionNode = FALSE
	EndGlobalSection
	GlobalSection(ExtensibilityGlobals) = postSolution
		SolutionGuid = {FCFBE87F-8008-4864-9F50-6C91B345790C}
	EndGlobalSection
EndGlobal
